
Microsoft Visual Studio Solution File, Format Version 12.00
# Visual Studio 15
VisualStudioVersion = 15.0.28010.2016
MinimumVisualStudioVersion = 10.0.40219.1
Project("{FAE04EC0-301F-11D3-BF4B-00C04F79EFBC}") = "Malopes - ArrayList 2", "Malopes - ArrayList 2\Malopes - ArrayList 2.csproj", "{C4D5CEEB-4FCC-4422-9E19-F9FA3F69D49D}"
EndProject
Global
	GlobalSection(SolutionConfigurationPlatforms) = preSolution
		Debug|Any CPU = Debug|Any CPU
		Release|Any CPU = Release|Any CPU
	EndGlobalSection
	GlobalSection(ProjectConfigurationPlatforms) = postSolution
		{C4D5CEEB-4FCC-4422-9E19-F9FA3F69D49D}.Debug|Any CPU.ActiveCfg = Debug|Any CPU
		{C4D5CEEB-4FCC-4422-9E19-F9FA3F69D49D}.Debug|Any CPU.Build.0 = Debug|Any CPU
		{C4D5CEEB-4FCC-4422-9E19-F9FA3F69D49D}.Release|Any CPU.ActiveCfg = Release|Any CPU
		{C4D5CEEB-4FCC-4422-9E19-F9FA3F69D49D}.Release|Any CPU.Build.0 = Release|Any CPU
	EndGlobalSection
	GlobalSection(SolutionProperties) = preSolution
		HideSolutionNode = FALSE
	EndGlobalSection
	GlobalSection(ExtensibilityGlobals) = postSolution
		SolutionGuid = {553D5801-6D29-455D-BF20-96A2E9873C3F}
	EndGlobalSection
EndGlobal
